
Microsoft Visual Studio Solution File, Format Version 12.00
# Visual Studio Version 16
VisualStudioVersion = 16.6.30114.105
MinimumVisualStudioVersion = 10.0.40219.1
Project("{2150E333-8FDC-42A3-9474-1A3956D46DE8}") = "src", "src", "{66B8B840-6E73-43C5-98C2-5916F13A2A3B}"
EndProject
Project("{FAE04EC0-301F-11D3-BF4B-00C04F79EFBC}") = "WebApi", "src\WebApi\WebApi.csproj", "{A81DE504-81D7-44AD-A217-A7B33C0D44B3}"
EndProject
Project("{FAE04EC0-301F-11D3-BF4B-00C04F79EFBC}") = "DataAccess", "src\DataAccess\DataAccess.csproj", "{ABD5317A-7333-4511-8565-2471CC5946AD}"
EndProject
Project("{FAE04EC0-301F-11D3-BF4B-00C04F79EFBC}") = "Business", "src\Business\Business.csproj", "{C8A6E63C-7D56-4759-A30C-620ACDA8FDD8}"
EndProject
Project("{FAE04EC0-301F-11D3-BF4B-00C04F79EFBC}") = "Core", "src\Core\Core.csproj", "{DA4C74F0-329B-4D5A-B492-D1C304784DF1}"
EndProject
Project("{FAE04EC0-301F-11D3-BF4B-00C04F79EFBC}") = "Entities", "src\Entities\Entities.csproj", "{BFD4E8F6-864C-4BAD-9968-EA2B3CA10F07}"
EndProject
Global
	GlobalSection(SolutionConfigurationPlatforms) = preSolution
		Debug|Any CPU = Debug|Any CPU
		Debug|x64 = Debug|x64
		Debug|x86 = Debug|x86
		Release|Any CPU = Release|Any CPU
		Release|x64 = Release|x64
		Release|x86 = Release|x86
	EndGlobalSection
	GlobalSection(SolutionProperties) = preSolution
		HideSolutionNode = FALSE
	EndGlobalSection
	GlobalSection(ProjectConfigurationPlatforms) = postSolution
		{A81DE504-81D7-44AD-A217-A7B33C0D44B3}.Debug|Any CPU.ActiveCfg = Debug|Any CPU
		{A81DE504-81D7-44AD-A217-A7B33C0D44B3}.Debug|Any CPU.Build.0 = Debug|Any CPU
		{A81DE504-81D7-44AD-A217-A7B33C0D44B3}.Debug|x64.ActiveCfg = Debug|Any CPU
		{A81DE504-81D7-44AD-A217-A7B33C0D44B3}.Debug|x64.Build.0 = Debug|Any CPU
		{A81DE504-81D7-44AD-A217-A7B33C0D44B3}.Debug|x86.ActiveCfg = Debug|Any CPU
		{A81DE504-81D7-44AD-A217-A7B33C0D44B3}.Debug|x86.Build.0 = Debug|Any CPU
		{A81DE504-81D7-44AD-A217-A7B33C0D44B3}.Release|Any CPU.ActiveCfg = Release|Any CPU
		{A81DE504-81D7-44AD-A217-A7B33C0D44B3}.Release|Any CPU.Build.0 = Release|Any CPU
		{A81DE504-81D7-44AD-A217-A7B33C0D44B3}.Release|x64.ActiveCfg = Release|Any CPU
		{A81DE504-81D7-44AD-A217-A7B33C0D44B3}.Release|x64.Build.0 = Release|Any CPU
		{A81DE504-81D7-44AD-A217-A7B33C0D44B3}.Release|x86.ActiveCfg = Release|Any CPU
		{A81DE504-81D7-44AD-A217-A7B33C0D44B3}.Release|x86.Build.0 = Release|Any CPU
		{ABD5317A-7333-4511-8565-2471CC5946AD}.Debug|Any CPU.ActiveCfg = Debug|Any CPU
		{ABD5317A-7333-4511-8565-2471CC5946AD}.Debug|Any CPU.Build.0 = Debug|Any CPU
		{ABD5317A-7333-4511-8565-2471CC5946AD}.Debug|x64.ActiveCfg = Debug|Any CPU
		{ABD5317A-7333-4511-8565-2471CC5946AD}.Debug|x64.Build.0 = Debug|Any CPU
		{ABD5317A-7333-4511-8565-2471CC5946AD}.Debug|x86.ActiveCfg = Debug|Any CPU
		{ABD5317A-7333-4511-8565-2471CC5946AD}.Debug|x86.Build.0 = Debug|Any CPU
		{ABD5317A-7333-4511-8565-2471CC5946AD}.Release|Any CPU.ActiveCfg = Release|Any CPU
		{ABD5317A-7333-4511-8565-2471CC5946AD}.Release|Any CPU.Build.0 = Release|Any CPU
		{ABD5317A-7333-4511-8565-2471CC5946AD}.Release|x64.ActiveCfg = Release|Any CPU
		{ABD5317A-7333-4511-8565-2471CC5946AD}.Release|x64.Build.0 = Release|Any CPU
		{ABD5317A-7333-4511-8565-2471CC5946AD}.Release|x86.ActiveCfg = Release|Any CPU
		{ABD5317A-7333-4511-8565-2471CC5946AD}.Release|x86.Build.0 = Release|Any CPU
		{C8A6E63C-7D56-4759-A30C-620ACDA8FDD8}.Debug|Any CPU.ActiveCfg = Debug|Any CPU
		{C8A6E63C-7D56-4759-A30C-620ACDA8FDD8}.Debug|Any CPU.Build.0 = Debug|Any CPU
		{C8A6E63C-7D56-4759-A30C-620ACDA8FDD8}.Debug|x64.ActiveCfg = Debug|Any CPU
		{C8A6E63C-7D56-4759-A30C-620ACDA8FDD8}.Debug|x64.Build.0 = Debug|Any CPU
		{C8A6E63C-7D56-4759-A30C-620ACDA8FDD8}.Debug|x86.ActiveCfg = Debug|Any CPU
		{C8A6E63C-7D56-4759-A30C-620ACDA8FDD8}.Debug|x86.Build.0 = Debug|Any CPU
		{C8A6E63C-7D56-4759-A30C-620ACDA8FDD8}.Release|Any CPU.ActiveCfg = Release|Any CPU
		{C8A6E63C-7D56-4759-A30C-620ACDA8FDD8}.Release|Any CPU.Build.0 = Release|Any CPU
		{C8A6E63C-7D56-4759-A30C-620ACDA8FDD8}.Release|x64.ActiveCfg = Release|Any CPU
		{C8A6E63C-7D56-4759-A30C-620ACDA8FDD8}.Release|x64.Build.0 = Release|Any CPU
		{C8A6E63C-7D56-4759-A30C-620ACDA8FDD8}.Release|x86.ActiveCfg = Release|Any CPU
		{C8A6E63C-7D56-4759-A30C-620ACDA8FDD8}.Release|x86.Build.0 = Release|Any CPU
		{DA4C74F0-329B-4D5A-B492-D1C304784DF1}.Debug|Any CPU.ActiveCfg = Debug|Any CPU
		{DA4C74F0-329B-4D5A-B492-D1C304784DF1}.Debug|Any CPU.Build.0 = Debug|Any CPU
		{DA4C74F0-329B-4D5A-B492-D1C304784DF1}.Debug|x64.ActiveCfg = Debug|Any CPU
		{DA4C74F0-329B-4D5A-B492-D1C304784DF1}.Debug|x64.Build.0 = Debug|Any CPU
		{DA4C74F0-329B-4D5A-B492-D1C304784DF1}.Debug|x86.ActiveCfg = Debug|Any CPU
		{DA4C74F0-329B-4D5A-B492-D1C304784DF1}.Debug|x86.Build.0 = Debug|Any CPU
		{DA4C74F0-329B-4D5A-B492-D1C304784DF1}.Release|Any CPU.ActiveCfg = Release|Any CPU
		{DA4C74F0-329B-4D5A-B492-D1C304784DF1}.Release|Any CPU.Build.0 = Release|Any CPU
		{DA4C74F0-329B-4D5A-B492-D1C304784DF1}.Release|x64.ActiveCfg = Release|Any CPU
		{DA4C74F0-329B-4D5A-B492-D1C304784DF1}.Release|x64.Build.0 = Release|Any CPU
		{DA4C74F0-329B-4D5A-B492-D1C304784DF1}.Release|x86.ActiveCfg = Release|Any CPU
		{DA4C74F0-329B-4D5A-B492-D1C304784DF1}.Release|x86.Build.0 = Release|Any CPU
		{BFD4E8F6-864C-4BAD-9968-EA2B3CA10F07}.Debug|Any CPU.ActiveCfg = Debug|Any CPU
		{BFD4E8F6-864C-4BAD-9968-EA2B3CA10F07}.Debug|Any CPU.Build.0 = Debug|Any CPU
		{BFD4E8F6-864C-4BAD-9968-EA2B3CA10F07}.Debug|x64.ActiveCfg = Debug|Any CPU
		{BFD4E8F6-864C-4BAD-9968-EA2B3CA10F07}.Debug|x64.Build.0 = Debug|Any CPU
		{BFD4E8F6-864C-4BAD-9968-EA2B3CA10F07}.Debug|x86.ActiveCfg = Debug|Any CPU
		{BFD4E8F6-864C-4BAD-9968-EA2B3CA10F07}.Debug|x86.Build.0 = Debug|Any CPU
		{BFD4E8F6-864C-4BAD-9968-EA2B3CA10F07}.Release|Any CPU.ActiveCfg = Release|Any CPU
		{BFD4E8F6-864C-4BAD-9968-EA2B3CA10F07}.Release|Any CPU.Build.0 = Release|Any CPU
		{BFD4E8F6-864C-4BAD-9968-EA2B3CA10F07}.Release|x64.ActiveCfg = Release|Any CPU
		{BFD4E8F6-864C-4BAD-9968-EA2B3CA10F07}.Release|x64.Build.0 = Release|Any CPU
		{BFD4E8F6-864C-4BAD-9968-EA2B3CA10F07}.Release|x86.ActiveCfg = Release|Any CPU
		{BFD4E8F6-864C-4BAD-9968-EA2B3CA10F07}.Release|x86.Build.0 = Release|Any CPU
	EndGlobalSection
	GlobalSection(NestedProjects) = preSolution
		{A81DE504-81D7-44AD-A217-A7B33C0D44B3} = {66B8B840-6E73-43C5-98C2-5916F13A2A3B}
		{ABD5317A-7333-4511-8565-2471CC5946AD} = {66B8B840-6E73-43C5-98C2-5916F13A2A3B}
		{C8A6E63C-7D56-4759-A30C-620ACDA8FDD8} = {66B8B840-6E73-43C5-98C2-5916F13A2A3B}
		{DA4C74F0-329B-4D5A-B492-D1C304784DF1} = {66B8B840-6E73-43C5-98C2-5916F13A2A3B}
		{BFD4E8F6-864C-4BAD-9968-EA2B3CA10F07} = {66B8B840-6E73-43C5-98C2-5916F13A2A3B}
	EndGlobalSection
EndGlobal
